
Microsoft Visual Studio Solution File, Format Version 12.00
# Visual Studio 15
VisualStudioVersion = 15.0.28307.960
MinimumVisualStudioVersion = 10.0.40219.1
Project("{FAE04EC0-301F-11D3-BF4B-00C04F79EFBC}") = "PizzaPalace", "PizzaPalace\PizzaPalace.csproj", "{57F84411-ABAD-4EAD-9093-444FCB6D44F0}"
EndProject
Global
	GlobalSection(SolutionConfigurationPlatforms) = preSolution
		Debug|Any CPU = Debug|Any CPU
		Release|Any CPU = Release|Any CPU
	EndGlobalSection
	GlobalSection(ProjectConfigurationPlatforms) = postSolution
		{57F84411-ABAD-4EAD-9093-444FCB6D44F0}.Debug|Any CPU.ActiveCfg = Debug|Any CPU
		{57F84411-ABAD-4EAD-9093-444FCB6D44F0}.Debug|Any CPU.Build.0 = Debug|Any CPU
		{57F84411-ABAD-4EAD-9093-444FCB6D44F0}.Release|Any CPU.ActiveCfg = Release|Any CPU
		{57F84411-ABAD-4EAD-9093-444FCB6D44F0}.Release|Any CPU.Build.0 = Release|Any CPU
	EndGlobalSection
	GlobalSection(SolutionProperties) = preSolution
		HideSolutionNode = FALSE
	EndGlobalSection
	GlobalSection(ExtensibilityGlobals) = postSolution
		SolutionGuid = {699B434E-6050-4E81-A7FA-4458E6ECE276}
	EndGlobalSection
EndGlobal
